// !$*UTF8*$!
{
	archiveVersion = 1;
	classes = {
	};
	objectVersion = 52;
	objects = {

/* Begin PBXBuildFile section */
		D8E2BAD324AE2A690064E8D3 /* ArgumentParser in Frameworks */ = {isa = PBXBuildFile; productRef = D8E2BAD224AE2A690064E8D3 /* ArgumentParser */; };
		D8E2BAD624AE2A880064E8D3 /* LineNoise in Frameworks */ = {isa = PBXBuildFile; productRef = D8E2BAD524AE2A880064E8D3 /* LineNoise */; };
		D8E2BAD924AE2A9F0064E8D3 /* Rainbow in Frameworks */ = {isa = PBXBuildFile; productRef = D8E2BAD824AE2A9F0064E8D3 /* Rainbow */; };
		D8E2BAF424AE2AC70064E8D3 /* CustomView.swift in Sources */ = {isa = PBXBuildFile; fileRef = D8E2BADC24AE2AC70064E8D3 /* CustomView.swift */; };
		D8E2BAF524AE2AC70064E8D3 /* CurrentView.swift in Sources */ = {isa = PBXBuildFile; fileRef = D8E2BADD24AE2AC70064E8D3 /* CurrentView.swift */; };
		D8E2BAF624AE2AC70064E8D3 /* LogView.swift in Sources */ = {isa = PBXBuildFile; fileRef = D8E2BADE24AE2AC70064E8D3 /* LogView.swift */; };
		D8E2BAF724AE2AC70064E8D3 /* DateView.swift in Sources */ = {isa = PBXBuildFile; fileRef = D8E2BADF24AE2AC70064E8D3 /* DateView.swift */; };
		D8E2BAF824AE2AC70064E8D3 /* DrugView.swift in Sources */ = {isa = PBXBuildFile; fileRef = D8E2BAE024AE2AC70064E8D3 /* DrugView.swift */; };
		D8E2BAF924AE2AC70064E8D3 /* ViewConstants.swift in Sources */ = {isa = PBXBuildFile; fileRef = D8E2BAE224AE2AC70064E8D3 /* ViewConstants.swift */; };
		D8E2BAFA24AE2AC70064E8D3 /* Extensions.swift in Sources */ = {isa = PBXBuildFile; fileRef = D8E2BAE324AE2AC70064E8D3 /* Extensions.swift */; };
		D8E2BAFB24AE2AC70064E8D3 /* LogList.swift in Sources */ = {isa = PBXBuildFile; fileRef = D8E2BAE524AE2AC70064E8D3 /* LogList.swift */; };
		D8E2BAFC24AE2AC70064E8D3 /* Log.swift in Sources */ = {isa = PBXBuildFile; fileRef = D8E2BAE624AE2AC70064E8D3 /* Log.swift */; };
		D8E2BAFD24AE2AC70064E8D3 /* CustomIndex.swift in Sources */ = {isa = PBXBuildFile; fileRef = D8E2BAE724AE2AC70064E8D3 /* CustomIndex.swift */; };
		D8E2BAFE24AE2AC70064E8D3 /* Drug.swift in Sources */ = {isa = PBXBuildFile; fileRef = D8E2BAE924AE2AC70064E8D3 /* Drug.swift */; };
		D8E2BAFF24AE2AC70064E8D3 /* DrugList.swift in Sources */ = {isa = PBXBuildFile; fileRef = D8E2BAEA24AE2AC70064E8D3 /* DrugList.swift */; };
		D8E2BB0024AE2AC70064E8D3 /* Reader.swift in Sources */ = {isa = PBXBuildFile; fileRef = D8E2BAEC24AE2AC70064E8D3 /* Reader.swift */; };
		D8E2BB0124AE2AC70064E8D3 /* StandardInImplementation.swift in Sources */ = {isa = PBXBuildFile; fileRef = D8E2BAED24AE2AC70064E8D3 /* StandardInImplementation.swift */; };
		D8E2BB0224AE2AC70064E8D3 /* Command.swift in Sources */ = {isa = PBXBuildFile; fileRef = D8E2BAEE24AE2AC70064E8D3 /* Command.swift */; };
		D8E2BB0324AE2AC70064E8D3 /* Defaults.swift in Sources */ = {isa = PBXBuildFile; fileRef = D8E2BAEF24AE2AC70064E8D3 /* Defaults.swift */; };
		D8E2BB0424AE2AC70064E8D3 /* App.swift in Sources */ = {isa = PBXBuildFile; fileRef = D8E2BAF024AE2AC70064E8D3 /* App.swift */; };
		D8E2BB0524AE2AC70064E8D3 /* Action.swift in Sources */ = {isa = PBXBuildFile; fileRef = D8E2BAF124AE2AC70064E8D3 /* Action.swift */; };
		D8E2BB0624AE2AC70064E8D3 /* Writer.swift in Sources */ = {isa = PBXBuildFile; fileRef = D8E2BAF224AE2AC70064E8D3 /* Writer.swift */; };
		D8E2BB0724AE2AC70064E8D3 /* main.swift in Sources */ = {isa = PBXBuildFile; fileRef = D8E2BAF324AE2AC70064E8D3 /* main.swift */; };
/* End PBXBuildFile section */

/* Begin PBXCopyFilesBuildPhase section */
		D8E2BAC524AE2A4E0064E8D3 /* CopyFiles */ = {
			isa = PBXCopyFilesBuildPhase;
			buildActionMask = 2147483647;
			dstPath = /usr/share/man/man1/;
			dstSubfolderSpec = 0;
			files = (
			);
			runOnlyForDeploymentPostprocessing = 1;
		};
/* End PBXCopyFilesBuildPhase section */

/* Begin PBXFileReference section */
		D816D67424B9F2DD00275AE0 /* Info.plist */ = {isa = PBXFileReference; explicitFileType = text.plist.info; path = Info.plist; sourceTree = "<group>"; };
		D8E2BAC724AE2A4E0064E8D3 /* pillz */ = {isa = PBXFileReference; explicitFileType = "compiled.mach-o.executable"; includeInIndex = 0; path = pillz; sourceTree = BUILT_PRODUCTS_DIR; };
		D8E2BADA24AE2AC70064E8D3 /* pillz-Bridging-Header.h */ = {isa = PBXFileReference; lastKnownFileType = sourcecode.c.h; path = "pillz-Bridging-Header.h"; sourceTree = "<group>"; };
		D8E2BADC24AE2AC70064E8D3 /* CustomView.swift */ = {isa = PBXFileReference; fileEncoding = 4; lastKnownFileType = sourcecode.swift; path = CustomView.swift; sourceTree = "<group>"; };
		D8E2BADD24AE2AC70064E8D3 /* CurrentView.swift */ = {isa = PBXFileReference; fileEncoding = 4; lastKnownFileType = sourcecode.swift; path = CurrentView.swift; sourceTree = "<group>"; };
		D8E2BADE24AE2AC70064E8D3 /* LogView.swift */ = {isa = PBXFileReference; fileEncoding = 4; lastKnownFileType = sourcecode.swift; path = LogView.swift; sourceTree = "<group>"; };
		D8E2BADF24AE2AC70064E8D3 /* DateView.swift */ = {isa = PBXFileReference; fileEncoding = 4; lastKnownFileType = sourcecode.swift; path = DateView.swift; sourceTree = "<group>"; };
		D8E2BAE024AE2AC70064E8D3 /* DrugView.swift */ = {isa = PBXFileReference; fileEncoding = 4; lastKnownFileType = sourcecode.swift; path = DrugView.swift; sourceTree = "<group>"; };
		D8E2BAE224AE2AC70064E8D3 /* ViewConstants.swift */ = {isa = PBXFileReference; fileEncoding = 4; lastKnownFileType = sourcecode.swift; path = ViewConstants.swift; sourceTree = "<group>"; };
		D8E2BAE324AE2AC70064E8D3 /* Extensions.swift */ = {isa = PBXFileReference; fileEncoding = 4; lastKnownFileType = sourcecode.swift; path = Extensions.swift; sourceTree = "<group>"; };
		D8E2BAE524AE2AC70064E8D3 /* LogList.swift */ = {isa = PBXFileReference; fileEncoding = 4; lastKnownFileType = sourcecode.swift; path = LogList.swift; sourceTree = "<group>"; };
		D8E2BAE624AE2AC70064E8D3 /* Log.swift */ = {isa = PBXFileReference; fileEncoding = 4; lastKnownFileType = sourcecode.swift; path = Log.swift; sourceTree = "<group>"; };
		D8E2BAE724AE2AC70064E8D3 /* CustomIndex.swift */ = {isa = PBXFileReference; fileEncoding = 4; lastKnownFileType = sourcecode.swift; path = CustomIndex.swift; sourceTree = "<group>"; };
		D8E2BAE924AE2AC70064E8D3 /* Drug.swift */ = {isa = PBXFileReference; fileEncoding = 4; lastKnownFileType = sourcecode.swift; path = Drug.swift; sourceTree = "<group>"; };
		D8E2BAEA24AE2AC70064E8D3 /* DrugList.swift */ = {isa = PBXFileReference; fileEncoding = 4; lastKnownFileType = sourcecode.swift; path = DrugList.swift; sourceTree = "<group>"; };
		D8E2BAEC24AE2AC70064E8D3 /* Reader.swift */ = {isa = PBXFileReference; fileEncoding = 4; lastKnownFileType = sourcecode.swift; path = Reader.swift; sourceTree = "<group>"; };
		D8E2BAED24AE2AC70064E8D3 /* StandardInImplementation.swift */ = {isa = PBXFileReference; fileEncoding = 4; lastKnownFileType = sourcecode.swift; path = StandardInImplementation.swift; sourceTree = "<group>"; };
		D8E2BAEE24AE2AC70064E8D3 /* Command.swift */ = {isa = PBXFileReference; fileEncoding = 4; lastKnownFileType = sourcecode.swift; path = Command.swift; sourceTree = "<group>"; };
		D8E2BAEF24AE2AC70064E8D3 /* Defaults.swift */ = {isa = PBXFileReference; fileEncoding = 4; lastKnownFileType = sourcecode.swift; path = Defaults.swift; sourceTree = "<group>"; };
		D8E2BAF024AE2AC70064E8D3 /* App.swift */ = {isa = PBXFileReference; fileEncoding = 4; lastKnownFileType = sourcecode.swift; path = App.swift; sourceTree = "<group>"; };
		D8E2BAF124AE2AC70064E8D3 /* Action.swift */ = {isa = PBXFileReference; fileEncoding = 4; lastKnownFileType = sourcecode.swift; path = Action.swift; sourceTree = "<group>"; };
		D8E2BAF224AE2AC70064E8D3 /* Writer.swift */ = {isa = PBXFileReference; fileEncoding = 4; lastKnownFileType = sourcecode.swift; path = Writer.swift; sourceTree = "<group>"; };
		D8E2BAF324AE2AC70064E8D3 /* main.swift */ = {isa = PBXFileReference; fileEncoding = 4; lastKnownFileType = sourcecode.swift; path = main.swift; sourceTree = "<group>"; };
/* End PBXFileReference section */

/* Begin PBXFrameworksBuildPhase section */
		D8E2BAC424AE2A4E0064E8D3 /* Frameworks */ = {
			isa = PBXFrameworksBuildPhase;
			buildActionMask = 2147483647;
			files = (
				D8E2BAD924AE2A9F0064E8D3 /* Rainbow in Frameworks */,
				D8E2BAD324AE2A690064E8D3 /* ArgumentParser in Frameworks */,
				D8E2BAD624AE2A880064E8D3 /* LineNoise in Frameworks */,
			);
			runOnlyForDeploymentPostprocessing = 0;
		};
/* End PBXFrameworksBuildPhase section */

/* Begin PBXGroup section */
		D816D67124B9E55000275AE0 /* tests */ = {
			isa = PBXGroup;
			children = (
				D816D67324B9E57300275AE0 /* Model */,
				D816D67224B9E56600275AE0 /* Controller */,
			);
			path = tests;
			sourceTree = "<group>";
		};
		D816D67224B9E56600275AE0 /* Controller */ = {
			isa = PBXGroup;
			children = (
			);
			path = Controller;
			sourceTree = "<group>";
		};
		D816D67324B9E57300275AE0 /* Model */ = {
			isa = PBXGroup;
			children = (
			);
			path = Model;
			sourceTree = "<group>";
		};
		D8E2BABE24AE2A4E0064E8D3 = {
			isa = PBXGroup;
			children = (
				D816D67424B9F2DD00275AE0 /* Info.plist */,
				D8E2BAC924AE2A4E0064E8D3 /* pillz */,
				D8E2BAF324AE2AC70064E8D3 /* main.swift */,
				D816D67124B9E55000275AE0 /* tests */,
				D8E2BAC824AE2A4E0064E8D3 /* Products */,
			);
			sourceTree = "<group>";
		};
		D8E2BAC824AE2A4E0064E8D3 /* Products */ = {
			isa = PBXGroup;
			children = (
				D8E2BAC724AE2A4E0064E8D3 /* pillz */,
			);
			name = Products;
			sourceTree = "<group>";
		};
		D8E2BAC924AE2A4E0064E8D3 /* pillz */ = {
			isa = PBXGroup;
			children = (
				D8E2BAEB24AE2AC70064E8D3 /* Controller */,
				D8E2BAE124AE2AC70064E8D3 /* Model */,
				D8E2BADB24AE2AC70064E8D3 /* View */,
				D8E2BADA24AE2AC70064E8D3 /* pillz-Bridging-Header.h */,
			);
			path = pillz;
			sourceTree = "<group>";
		};
		D8E2BADB24AE2AC70064E8D3 /* View */ = {
			isa = PBXGroup;
			children = (
				D8E2BAE224AE2AC70064E8D3 /* ViewConstants.swift */,
				D8E2BADC24AE2AC70064E8D3 /* CustomView.swift */,
				D8E2BADD24AE2AC70064E8D3 /* CurrentView.swift */,
				D8E2BADE24AE2AC70064E8D3 /* LogView.swift */,
				D8E2BADF24AE2AC70064E8D3 /* DateView.swift */,
				D8E2BAE024AE2AC70064E8D3 /* DrugView.swift */,
			);
			path = View;
			sourceTree = "<group>";
		};
		D8E2BAE124AE2AC70064E8D3 /* Model */ = {
			isa = PBXGroup;
			children = (
				D8E2BAE324AE2AC70064E8D3 /* Extensions.swift */,
				D8E2BAE424AE2AC70064E8D3 /* Log */,
				D8E2BAE724AE2AC70064E8D3 /* CustomIndex.swift */,
				D8E2BAE824AE2AC70064E8D3 /* Drug */,
			);
			path = Model;
			sourceTree = "<group>";
		};
		D8E2BAE424AE2AC70064E8D3 /* Log */ = {
			isa = PBXGroup;
			children = (
				D8E2BAE524AE2AC70064E8D3 /* LogList.swift */,
				D8E2BAE624AE2AC70064E8D3 /* Log.swift */,
			);
			path = Log;
			sourceTree = "<group>";
		};
		D8E2BAE824AE2AC70064E8D3 /* Drug */ = {
			isa = PBXGroup;
			children = (
				D8E2BAE924AE2AC70064E8D3 /* Drug.swift */,
				D8E2BAEA24AE2AC70064E8D3 /* DrugList.swift */,
			);
			path = Drug;
			sourceTree = "<group>";
		};
		D8E2BAEB24AE2AC70064E8D3 /* Controller */ = {
			isa = PBXGroup;
			children = (
				D8E2BAEC24AE2AC70064E8D3 /* Reader.swift */,
				D8E2BAED24AE2AC70064E8D3 /* StandardInImplementation.swift */,
				D8E2BAEE24AE2AC70064E8D3 /* Command.swift */,
				D8E2BAEF24AE2AC70064E8D3 /* Defaults.swift */,
				D8E2BAF024AE2AC70064E8D3 /* App.swift */,
				D8E2BAF124AE2AC70064E8D3 /* Action.swift */,
				D8E2BAF224AE2AC70064E8D3 /* Writer.swift */,
			);
			path = Controller;
			sourceTree = "<group>";
		};
/* End PBXGroup section */

/* Begin PBXNativeTarget section */
		D8E2BAC624AE2A4E0064E8D3 /* pillz */ = {
			isa = PBXNativeTarget;
			buildConfigurationList = D8E2BACE24AE2A4E0064E8D3 /* Build configuration list for PBXNativeTarget "pillz" */;
			buildPhases = (
				D8E2BAC324AE2A4E0064E8D3 /* Sources */,
				D8E2BAC424AE2A4E0064E8D3 /* Frameworks */,
				D8E2BAC524AE2A4E0064E8D3 /* CopyFiles */,
			);
			buildRules = (
			);
			dependencies = (
			);
			name = pillz;
			packageProductDependencies = (
				D8E2BAD224AE2A690064E8D3 /* ArgumentParser */,
				D8E2BAD524AE2A880064E8D3 /* LineNoise */,
				D8E2BAD824AE2A9F0064E8D3 /* Rainbow */,
			);
			productName = pillz;
			productReference = D8E2BAC724AE2A4E0064E8D3 /* pillz */;
			productType = "com.apple.product-type.tool";
		};
/* End PBXNativeTarget section */

/* Begin PBXProject section */
		D8E2BABF24AE2A4E0064E8D3 /* Project object */ = {
			isa = PBXProject;
			attributes = {
				LastSwiftUpdateCheck = 1150;
				LastUpgradeCheck = 1150;
				ORGANIZATIONNAME = viraltaco;
				TargetAttributes = {
					D8E2BAC624AE2A4E0064E8D3 = {
						CreatedOnToolsVersion = 11.5;
						LastSwiftMigration = 1150;
					};
				};
			};
			buildConfigurationList = D8E2BAC224AE2A4E0064E8D3 /* Build configuration list for PBXProject "pillz" */;
			compatibilityVersion = "Xcode 9.3";
			developmentRegion = en;
			hasScannedForEncodings = 0;
			knownRegions = (
				en,
				Base,
			);
			mainGroup = D8E2BABE24AE2A4E0064E8D3;
			packageReferences = (
				D8E2BAD124AE2A690064E8D3 /* XCRemoteSwiftPackageReference "swift-argument-parser" */,
				D8E2BAD424AE2A880064E8D3 /* XCRemoteSwiftPackageReference "linenoise-swift" */,
				D8E2BAD724AE2A9F0064E8D3 /* XCRemoteSwiftPackageReference "Rainbow" */,
			);
			productRefGroup = D8E2BAC824AE2A4E0064E8D3 /* Products */;
			projectDirPath = "";
			projectRoot = "";
			targets = (
				D8E2BAC624AE2A4E0064E8D3 /* pillz */,
			);
		};
/* End PBXProject section */

/* Begin PBXSourcesBuildPhase section */
		D8E2BAC324AE2A4E0064E8D3 /* Sources */ = {
			isa = PBXSourcesBuildPhase;
			buildActionMask = 2147483647;
			files = (
				D8E2BB0024AE2AC70064E8D3 /* Reader.swift in Sources */,
				D8E2BB0524AE2AC70064E8D3 /* Action.swift in Sources */,
				D8E2BB0324AE2AC70064E8D3 /* Defaults.swift in Sources */,
				D8E2BAF924AE2AC70064E8D3 /* ViewConstants.swift in Sources */,
				D8E2BAF824AE2AC70064E8D3 /* DrugView.swift in Sources */,
				D8E2BAFC24AE2AC70064E8D3 /* Log.swift in Sources */,
				D8E2BB0724AE2AC70064E8D3 /* main.swift in Sources */,
				D8E2BAFD24AE2AC70064E8D3 /* CustomIndex.swift in Sources */,
				D8E2BAF524AE2AC70064E8D3 /* CurrentView.swift in Sources */,
				D8E2BB0424AE2AC70064E8D3 /* App.swift in Sources */,
				D8E2BAF624AE2AC70064E8D3 /* LogView.swift in Sources */,
				D8E2BAF724AE2AC70064E8D3 /* DateView.swift in Sources */,
				D8E2BB0224AE2AC70064E8D3 /* Command.swift in Sources */,
				D8E2BAFF24AE2AC70064E8D3 /* DrugList.swift in Sources */,
				D8E2BAFE24AE2AC70064E8D3 /* Drug.swift in Sources */,
				D8E2BAF424AE2AC70064E8D3 /* CustomView.swift in Sources */,
				D8E2BB0124AE2AC70064E8D3 /* StandardInImplementation.swift in Sources */,
				D8E2BAFB24AE2AC70064E8D3 /* LogList.swift in Sources */,
				D8E2BB0624AE2AC70064E8D3 /* Writer.swift in Sources */,
				D8E2BAFA24AE2AC70064E8D3 /* Extensions.swift in Sources */,
			);
			runOnlyForDeploymentPostprocessing = 0;
		};
/* End PBXSourcesBuildPhase section */

/* Begin XCBuildConfiguration section */
		D8E2BACC24AE2A4E0064E8D3 /* Debug */ = {
			isa = XCBuildConfiguration;
			buildSettings = {
				ALWAYS_SEARCH_USER_PATHS = NO;
				CLANG_ANALYZER_NONNULL = YES;
				CLANG_ANALYZER_NUMBER_OBJECT_CONVERSION = YES_AGGRESSIVE;
				CLANG_CXX_LANGUAGE_STANDARD = "gnu++14";
				CLANG_CXX_LIBRARY = "libc++";
				CLANG_ENABLE_MODULES = YES;
				CLANG_ENABLE_OBJC_ARC = YES;
				CLANG_ENABLE_OBJC_WEAK = YES;
				CLANG_WARN_BLOCK_CAPTURE_AUTORELEASING = YES;
				CLANG_WARN_BOOL_CONVERSION = YES;
				CLANG_WARN_COMMA = YES;
				CLANG_WARN_CONSTANT_CONVERSION = YES;
				CLANG_WARN_DEPRECATED_OBJC_IMPLEMENTATIONS = YES;
				CLANG_WARN_DIRECT_OBJC_ISA_USAGE = YES_ERROR;
				CLANG_WARN_DOCUMENTATION_COMMENTS = YES;
				CLANG_WARN_EMPTY_BODY = YES;
				CLANG_WARN_ENUM_CONVERSION = YES;
				CLANG_WARN_INFINITE_RECURSION = YES;
				CLANG_WARN_INT_CONVERSION = YES;
				CLANG_WARN_NON_LITERAL_NULL_CONVERSION = YES;
				CLANG_WARN_OBJC_IMPLICIT_RETAIN_SELF = YES;
				CLANG_WARN_OBJC_LITERAL_CONVERSION = YES;
				CLANG_WARN_OBJC_ROOT_CLASS = YES_ERROR;
				CLANG_WARN_RANGE_LOOP_ANALYSIS = YES;
				CLANG_WARN_STRICT_PROTOTYPES = YES;
				CLANG_WARN_SUSPICIOUS_MOVE = YES;
				CLANG_WARN_UNGUARDED_AVAILABILITY = YES_AGGRESSIVE;
				CLANG_WARN_UNREACHABLE_CODE = YES;
				CLANG_WARN__DUPLICATE_METHOD_MATCH = YES;
				COPY_PHASE_STRIP = NO;
				CREATE_INFOPLIST_SECTION_IN_BINARY = YES;
				DEBUG_INFORMATION_FORMAT = dwarf;
				ENABLE_STRICT_OBJC_MSGSEND = YES;
				ENABLE_TESTABILITY = YES;
				GCC_C_LANGUAGE_STANDARD = gnu11;
				GCC_DYNAMIC_NO_PIC = NO;
				GCC_NO_COMMON_BLOCKS = YES;
				GCC_OPTIMIZATION_LEVEL = 0;
				GCC_PREPROCESSOR_DEFINITIONS = (
					"DEBUG=1",
					"$(inherited)",
				);
				GCC_WARN_64_TO_32_BIT_CONVERSION = YES;
				GCC_WARN_ABOUT_RETURN_TYPE = YES_ERROR;
				GCC_WARN_UNDECLARED_SELECTOR = YES;
				GCC_WARN_UNINITIALIZED_AUTOS = YES_AGGRESSIVE;
				GCC_WARN_UNUSED_FUNCTION = YES;
				GCC_WARN_UNUSED_VARIABLE = YES;
				MACOSX_DEPLOYMENT_TARGET = 10.15;
				MTL_ENABLE_DEBUG_INFO = INCLUDE_SOURCE;
				MTL_FAST_MATH = YES;
				ONLY_ACTIVE_ARCH = YES;
				SDKROOT = macosx;
				SWIFT_ACTIVE_COMPILATION_CONDITIONS = DEBUG;
				SWIFT_OPTIMIZATION_LEVEL = "-Onone";
			};
			name = Debug;
		};
		D8E2BACD24AE2A4E0064E8D3 /* Release */ = {
			isa = XCBuildConfiguration;
			buildSettings = {
				ALWAYS_SEARCH_USER_PATHS = NO;
				CLANG_ANALYZER_NONNULL = YES;
				CLANG_ANALYZER_NUMBER_OBJECT_CONVERSION = YES_AGGRESSIVE;
				CLANG_CXX_LANGUAGE_STANDARD = "gnu++14";
				CLANG_CXX_LIBRARY = "libc++";
				CLANG_ENABLE_MODULES = YES;
				CLANG_ENABLE_OBJC_ARC = YES;
				CLANG_ENABLE_OBJC_WEAK = YES;
				CLANG_WARN_BLOCK_CAPTURE_AUTORELEASING = YES;
				CLANG_WARN_BOOL_CONVERSION = YES;
				CLANG_WARN_COMMA = YES;
				CLANG_WARN_CONSTANT_CONVERSION = YES;
				CLANG_WARN_DEPRECATED_OBJC_IMPLEMENTATIONS = YES;
				CLANG_WARN_DIRECT_OBJC_ISA_USAGE = YES_ERROR;
				CLANG_WARN_DOCUMENTATION_COMMENTS = YES;
				CLANG_WARN_EMPTY_BODY = YES;
				CLANG_WARN_ENUM_CONVERSION = YES;
				CLANG_WARN_INFINITE_RECURSION = YES;
				CLANG_WARN_INT_CONVERSION = YES;
				CLANG_WARN_NON_LITERAL_NULL_CONVERSION = YES;
				CLANG_WARN_OBJC_IMPLICIT_RETAIN_SELF = YES;
				CLANG_WARN_OBJC_LITERAL_CONVERSION = YES;
				CLANG_WARN_OBJC_ROOT_CLASS = YES_ERROR;
				CLANG_WARN_RANGE_LOOP_ANALYSIS = YES;
				CLANG_WARN_STRICT_PROTOTYPES = YES;
				CLANG_WARN_SUSPICIOUS_MOVE = YES;
				CLANG_WARN_UNGUARDED_AVAILABILITY = YES_AGGRESSIVE;
				CLANG_WARN_UNREACHABLE_CODE = YES;
				CLANG_WARN__DUPLICATE_METHOD_MATCH = YES;
				COPY_PHASE_STRIP = NO;
				CREATE_INFOPLIST_SECTION_IN_BINARY = YES;
				DEBUG_INFORMATION_FORMAT = "dwarf-with-dsym";
				ENABLE_NS_ASSERTIONS = NO;
				ENABLE_STRICT_OBJC_MSGSEND = YES;
				GCC_C_LANGUAGE_STANDARD = gnu11;
				GCC_NO_COMMON_BLOCKS = YES;
				GCC_WARN_64_TO_32_BIT_CONVERSION = YES;
				GCC_WARN_ABOUT_RETURN_TYPE = YES_ERROR;
				GCC_WARN_UNDECLARED_SELECTOR = YES;
				GCC_WARN_UNINITIALIZED_AUTOS = YES_AGGRESSIVE;
				GCC_WARN_UNUSED_FUNCTION = YES;
				GCC_WARN_UNUSED_VARIABLE = YES;
				MACOSX_DEPLOYMENT_TARGET = 10.15;
				MTL_ENABLE_DEBUG_INFO = NO;
				MTL_FAST_MATH = YES;
				SDKROOT = macosx;
				SWIFT_COMPILATION_MODE = wholemodule;
				SWIFT_OPTIMIZATION_LEVEL = "-O";
			};
			name = Release;
		};
		D8E2BACF24AE2A4E0064E8D3 /* Debug */ = {
			isa = XCBuildConfiguration;
			buildSettings = {
				CLANG_ENABLE_MODULES = YES;
				CODE_SIGN_IDENTITY = "Apple Development";
				CODE_SIGN_STYLE = Automatic;
				CREATE_INFOPLIST_SECTION_IN_BINARY = YES;
				CURRENT_PROJECT_VERSION = 20200711_1_11_1;
				DEVELOPMENT_TEAM = 88L87CZSR7;
				ENABLE_HARDENED_RUNTIME = YES;
				INFOPLIST_FILE = "$(SRCROOT)/Info.plist";
				LD_RUNPATH_SEARCH_PATHS = (
					"$(inherited)",
					"@executable_path/../Frameworks",
					"@loader_path/../Frameworks",
				);
				MARKETING_VERSION = 1.11.1;
				PRODUCT_BUNDLE_IDENTIFIER = com.viraltaco.pillz;
				PRODUCT_NAME = "$(TARGET_NAME)";
				SWIFT_OBJC_BRIDGING_HEADER = "pillz/pillz-Bridging-Header.h";
				SWIFT_OPTIMIZATION_LEVEL = "-Onone";
				SWIFT_VERSION = 5.0;
			};
			name = Debug;
		};
		D8E2BAD024AE2A4E0064E8D3 /* Release */ = {
			isa = XCBuildConfiguration;
			buildSettings = {
				CLANG_ENABLE_MODULES = YES;
				CODE_SIGN_IDENTITY = "Apple Development";
				CODE_SIGN_STYLE = Automatic;
				CREATE_INFOPLIST_SECTION_IN_BINARY = YES;
				CURRENT_PROJECT_VERSION = 20200711_1_11_1;
				DEVELOPMENT_TEAM = 88L87CZSR7;
				ENABLE_HARDENED_RUNTIME = YES;
				INFOPLIST_FILE = "$(SRCROOT)/Info.plist";
				LD_RUNPATH_SEARCH_PATHS = (
					"$(inherited)",
					"@executable_path/../Frameworks",
					"@loader_path/../Frameworks",
				);
				MARKETING_VERSION = 1.11.1;
				PRODUCT_BUNDLE_IDENTIFIER = com.viraltaco.pillz;
				PRODUCT_NAME = "$(TARGET_NAME)";
				SWIFT_OBJC_BRIDGING_HEADER = "pillz/pillz-Bridging-Header.h";
				SWIFT_VERSION = 5.0;
			};
			name = Release;
		};
/* End XCBuildConfiguration section */

/* Begin XCConfigurationList section */
		D8E2BAC224AE2A4E0064E8D3 /* Build configuration list for PBXProject "pillz" */ = {
			isa = XCConfigurationList;
			buildConfigurations = (
				D8E2BACC24AE2A4E0064E8D3 /* Debug */,
				D8E2BACD24AE2A4E0064E8D3 /* Release */,
			);
			defaultConfigurationIsVisible = 0;
			defaultConfigurationName = Release;
		};
		D8E2BACE24AE2A4E0064E8D3 /* Build configuration list for PBXNativeTarget "pillz" */ = {
			isa = XCConfigurationList;
			buildConfigurations = (
				D8E2BACF24AE2A4E0064E8D3 /* Debug */,
				D8E2BAD024AE2A4E0064E8D3 /* Release */,
			);
			defaultConfigurationIsVisible = 0;
			defaultConfigurationName = Release;
		};
/* End XCConfigurationList section */

/* Begin XCRemoteSwiftPackageReference section */
		D8E2BAD124AE2A690064E8D3 /* XCRemoteSwiftPackageReference "swift-argument-parser" */ = {
			isa = XCRemoteSwiftPackageReference;
			repositoryURL = "https://github.com/apple/swift-argument-parser.git";
			requirement = {
				kind = upToNextMajorVersion;
				minimumVersion = 0.2.0;
			};
		};
		D8E2BAD424AE2A880064E8D3 /* XCRemoteSwiftPackageReference "linenoise-swift" */ = {
			isa = XCRemoteSwiftPackageReference;
			repositoryURL = "https://github.com/andybest/linenoise-swift.git";
			requirement = {
				kind = upToNextMajorVersion;
				minimumVersion = 0.0.3;
			};
		};
		D8E2BAD724AE2A9F0064E8D3 /* XCRemoteSwiftPackageReference "Rainbow" */ = {
			isa = XCRemoteSwiftPackageReference;
			repositoryURL = "https://github.com/onevcat/Rainbow";
			requirement = {
				kind = upToNextMajorVersion;
				minimumVersion = 3.1.5;
			};
		};
/* End XCRemoteSwiftPackageReference section */

/* Begin XCSwiftPackageProductDependency section */
		D8E2BAD224AE2A690064E8D3 /* ArgumentParser */ = {
			isa = XCSwiftPackageProductDependency;
			package = D8E2BAD124AE2A690064E8D3 /* XCRemoteSwiftPackageReference "swift-argument-parser" */;
			productName = ArgumentParser;
		};
		D8E2BAD524AE2A880064E8D3 /* LineNoise */ = {
			isa = XCSwiftPackageProductDependency;
			package = D8E2BAD424AE2A880064E8D3 /* XCRemoteSwiftPackageReference "linenoise-swift" */;
			productName = LineNoise;
		};
		D8E2BAD824AE2A9F0064E8D3 /* Rainbow */ = {
			isa = XCSwiftPackageProductDependency;
			package = D8E2BAD724AE2A9F0064E8D3 /* XCRemoteSwiftPackageReference "Rainbow" */;
			productName = Rainbow;
		};
/* End XCSwiftPackageProductDependency section */
	};
	rootObject = D8E2BABF24AE2A4E0064E8D3 /* Project object */;
}
