// !$*UTF8*$!
{
	archiveVersion = 1;
	classes = {
	};
	objectVersion = 52;
	objects = {

/* Begin PBXBuildFile section */
		1C9325EB23F756BB00425136 /* StandardInImplementation.swift in Sources */ = {isa = PBXBuildFile; fileRef = 1C9325EA23F756BB00425136 /* StandardInImplementation.swift */; };
		1C9970FF23F64E7700C33991 /* Extensions.swift in Sources */ = {isa = PBXBuildFile; fileRef = 1C9C22E923EB980300D6990C /* Extensions.swift */; };
		1C99710023F64E7700C33991 /* Reader.swift in Sources */ = {isa = PBXBuildFile; fileRef = 1C66A79823E4C95E00C3AB14 /* Reader.swift */; };
		1C99710123F64E7700C33991 /* CustomView.swift in Sources */ = {isa = PBXBuildFile; fileRef = 1CA4FA0823BDF3D0002956F9 /* CustomView.swift */; };
		1C99710223F64E7700C33991 /* DrugList.swift in Sources */ = {isa = PBXBuildFile; fileRef = 1CDC956223ABCACD004B8666 /* DrugList.swift */; };
		1C99710323F64E7700C33991 /* LogList.swift in Sources */ = {isa = PBXBuildFile; fileRef = 1C3A566E23BFD9BB0075D6B8 /* LogList.swift */; };
		1C99710423F64E7700C33991 /* Writer.swift in Sources */ = {isa = PBXBuildFile; fileRef = 1C66A79623E4C92600C3AB14 /* Writer.swift */; };
		1C99710523F64E7700C33991 /* Command.swift in Sources */ = {isa = PBXBuildFile; fileRef = 1CC95C9023E6784C008E5CBA /* Command.swift */; };
		1C99710623F64E7700C33991 /* Log.swift in Sources */ = {isa = PBXBuildFile; fileRef = 1C3A566C23BFD0F50075D6B8 /* Log.swift */; };
		1C99710723F64E7700C33991 /* App.swift in Sources */ = {isa = PBXBuildFile; fileRef = 1CC95C8E23E62F87008E5CBA /* App.swift */; };
		1C99710823F64E7700C33991 /* Defaults.swift in Sources */ = {isa = PBXBuildFile; fileRef = 1C9250FC23EC2BF800A149F3 /* Defaults.swift */; };
		1C99710923F64E7700C33991 /* CurrentView.swift in Sources */ = {isa = PBXBuildFile; fileRef = 1CA39B6423E85AD900D5729C /* CurrentView.swift */; };
		1C99710A23F64E7700C33991 /* DrugView.swift in Sources */ = {isa = PBXBuildFile; fileRef = 1C9EEE6123E886D300814D5C /* DrugView.swift */; };
		1C99710B23F64E7700C33991 /* ViewConstants.swift in Sources */ = {isa = PBXBuildFile; fileRef = 1C9C22E723EB90F500D6990C /* ViewConstants.swift */; };
		1C99710C23F64E7700C33991 /* main.swift in Sources */ = {isa = PBXBuildFile; fileRef = 1C9EEEBC23E8A83500814D5C /* main.swift */; };
		1C99710D23F64E7700C33991 /* Action.swift in Sources */ = {isa = PBXBuildFile; fileRef = 1CA39B6223E8265100D5729C /* Action.swift */; };
		1C99710E23F64E7700C33991 /* Drug.swift in Sources */ = {isa = PBXBuildFile; fileRef = 1CDC955F23ABC791004B8666 /* Drug.swift */; };
		1C99710F23F64E7700C33991 /* CustomIndex.swift in Sources */ = {isa = PBXBuildFile; fileRef = 1C8E38C223EA38BC0079F4D8 /* CustomIndex.swift */; };
		1C99711023F64E7700C33991 /* DateView.swift in Sources */ = {isa = PBXBuildFile; fileRef = 1C996E7023F6063900C33991 /* DateView.swift */; };
		1C99711123F64E7700C33991 /* LogView.swift in Sources */ = {isa = PBXBuildFile; fileRef = 1C9EEE5F23E86CEB00814D5C /* LogView.swift */; };
		1C99711323F64E7700C33991 /* Rainbow in Frameworks */ = {isa = PBXBuildFile; productRef = 1C9970FC23F64E7700C33991 /* Rainbow */; settings = {ATTRIBUTES = (Required, ); }; };
		1C9D333623F7229B00244F1A /* LineNoise in Frameworks */ = {isa = PBXBuildFile; productRef = 1C9D333523F7229B00244F1A /* LineNoise */; };
/* End PBXBuildFile section */

/* Begin PBXBuildRule section */
		1C99711523F64E7700C33991 /* PBXBuildRule */ = {
			isa = PBXBuildRule;
			compilerSpec = com.apple.compilers.proxy.script;
			fileType = text.plist;
			inputFiles = (
			);
			isEditable = 1;
			outputFiles = (
			);
			script = "# builtin-copyPlist\n";
		};
/* End PBXBuildRule section */

/* Begin PBXCopyFilesBuildPhase section */
		1C99711423F64E7700C33991 /* CopyFiles */ = {
			isa = PBXCopyFilesBuildPhase;
			buildActionMask = 12;
			dstPath = usr/local/bin;
			dstSubfolderSpec = 0;
			files = (
			);
			runOnlyForDeploymentPostprocessing = 0;
		};
/* End PBXCopyFilesBuildPhase section */

/* Begin PBXFileReference section */
		1C3A566C23BFD0F50075D6B8 /* Log.swift */ = {isa = PBXFileReference; lastKnownFileType = sourcecode.swift; path = Log.swift; sourceTree = "<group>"; };
		1C3A566E23BFD9BB0075D6B8 /* LogList.swift */ = {isa = PBXFileReference; lastKnownFileType = sourcecode.swift; path = LogList.swift; sourceTree = "<group>"; };
		1C66A79623E4C92600C3AB14 /* Writer.swift */ = {isa = PBXFileReference; lastKnownFileType = sourcecode.swift; path = Writer.swift; sourceTree = "<group>"; };
		1C66A79823E4C95E00C3AB14 /* Reader.swift */ = {isa = PBXFileReference; lastKnownFileType = sourcecode.swift; path = Reader.swift; sourceTree = "<group>"; };
		1C8D819D23F03949008F4788 /* install.sh */ = {isa = PBXFileReference; fileEncoding = 4; lastKnownFileType = text.script.sh; path = install.sh; sourceTree = "<group>"; };
		1C8E38C223EA38BC0079F4D8 /* CustomIndex.swift */ = {isa = PBXFileReference; lastKnownFileType = sourcecode.swift; path = CustomIndex.swift; sourceTree = "<group>"; };
		1C9250FC23EC2BF800A149F3 /* Defaults.swift */ = {isa = PBXFileReference; fileEncoding = 4; lastKnownFileType = sourcecode.swift; path = Defaults.swift; sourceTree = "<group>"; };
		1C9325EA23F756BB00425136 /* StandardInImplementation.swift */ = {isa = PBXFileReference; lastKnownFileType = sourcecode.swift; path = StandardInImplementation.swift; sourceTree = "<group>"; };
		1C996E7023F6063900C33991 /* DateView.swift */ = {isa = PBXFileReference; lastKnownFileType = sourcecode.swift; name = DateView.swift; path = pillz/View/DateView.swift; sourceTree = SOURCE_ROOT; };
		1C99711923F64E7700C33991 /* pillz */ = {isa = PBXFileReference; explicitFileType = "compiled.mach-o.executable"; includeInIndex = 0; path = pillz; sourceTree = BUILT_PRODUCTS_DIR; };
		1C99711A23F64F1A00C33991 /* Info.plist */ = {isa = PBXFileReference; lastKnownFileType = text.plist.xml; path = Info.plist; sourceTree = "<group>"; };
		1C9C22E723EB90F500D6990C /* ViewConstants.swift */ = {isa = PBXFileReference; lastKnownFileType = sourcecode.swift; path = ViewConstants.swift; sourceTree = "<group>"; };
		1C9C22E923EB980300D6990C /* Extensions.swift */ = {isa = PBXFileReference; lastKnownFileType = sourcecode.swift; path = Extensions.swift; sourceTree = "<group>"; };
		1C9EEE5F23E86CEB00814D5C /* LogView.swift */ = {isa = PBXFileReference; lastKnownFileType = sourcecode.swift; path = LogView.swift; sourceTree = "<group>"; };
		1C9EEE6123E886D300814D5C /* DrugView.swift */ = {isa = PBXFileReference; lastKnownFileType = sourcecode.swift; path = DrugView.swift; sourceTree = "<group>"; };
		1C9EEEBC23E8A83500814D5C /* main.swift */ = {isa = PBXFileReference; lastKnownFileType = sourcecode.swift; path = main.swift; sourceTree = "<group>"; };
		1CA39B6223E8265100D5729C /* Action.swift */ = {isa = PBXFileReference; lastKnownFileType = sourcecode.swift; path = Action.swift; sourceTree = "<group>"; };
		1CA39B6423E85AD900D5729C /* CurrentView.swift */ = {isa = PBXFileReference; lastKnownFileType = sourcecode.swift; path = CurrentView.swift; sourceTree = "<group>"; };
		1CA4FA0823BDF3D0002956F9 /* CustomView.swift */ = {isa = PBXFileReference; lastKnownFileType = sourcecode.swift; path = CustomView.swift; sourceTree = "<group>"; };
		1CC95C8E23E62F87008E5CBA /* App.swift */ = {isa = PBXFileReference; lastKnownFileType = sourcecode.swift; path = App.swift; sourceTree = "<group>"; };
		1CC95C9023E6784C008E5CBA /* Command.swift */ = {isa = PBXFileReference; lastKnownFileType = sourcecode.swift; path = Command.swift; sourceTree = "<group>"; };
		1CDC955F23ABC791004B8666 /* Drug.swift */ = {isa = PBXFileReference; indentWidth = 2; lastKnownFileType = sourcecode.swift; path = Drug.swift; sourceTree = "<group>"; tabWidth = 2; };
		1CDC956223ABCACD004B8666 /* DrugList.swift */ = {isa = PBXFileReference; lastKnownFileType = sourcecode.swift; path = DrugList.swift; sourceTree = "<group>"; };
/* End PBXFileReference section */

/* Begin PBXFrameworksBuildPhase section */
		1C99711223F64E7700C33991 /* Frameworks */ = {
			isa = PBXFrameworksBuildPhase;
			buildActionMask = 2147483647;
			files = (
				1C99711323F64E7700C33991 /* Rainbow in Frameworks */,
				1C9D333623F7229B00244F1A /* LineNoise in Frameworks */,
			);
			runOnlyForDeploymentPostprocessing = 0;
		};
/* End PBXFrameworksBuildPhase section */

/* Begin PBXGroup section */
		1C480DE523ECC8C600570CF5 /* Frameworks */ = {
			isa = PBXGroup;
			children = (
			);
			name = Frameworks;
			sourceTree = "<group>";
		};
		1C9C22EB23EB989000D6990C /* Drug */ = {
			isa = PBXGroup;
			children = (
				1CDC955F23ABC791004B8666 /* Drug.swift */,
				1CDC956223ABCACD004B8666 /* DrugList.swift */,
			);
			path = Drug;
			sourceTree = "<group>";
		};
		1C9C22EC23EB98A400D6990C /* Log */ = {
			isa = PBXGroup;
			children = (
				1C3A566C23BFD0F50075D6B8 /* Log.swift */,
				1C3A566E23BFD9BB0075D6B8 /* LogList.swift */,
			);
			path = Log;
			sourceTree = "<group>";
		};
		1CA4FA0723BDF3B5002956F9 /* View */ = {
			isa = PBXGroup;
			children = (
				1CA4FA0823BDF3D0002956F9 /* CustomView.swift */,
				1CA39B6423E85AD900D5729C /* CurrentView.swift */,
				1C9EEE5F23E86CEB00814D5C /* LogView.swift */,
				1C9EEE6123E886D300814D5C /* DrugView.swift */,
			);
			path = View;
			sourceTree = "<group>";
		};
		1CB2460A23BECD0600E06FC5 /* Controller */ = {
			isa = PBXGroup;
			children = (
				1C9250FC23EC2BF800A149F3 /* Defaults.swift */,
				1CC95C8E23E62F87008E5CBA /* App.swift */,
				1CC95C9023E6784C008E5CBA /* Command.swift */,
				1CA39B6223E8265100D5729C /* Action.swift */,
				1C66A79623E4C92600C3AB14 /* Writer.swift */,
				1C66A79823E4C95E00C3AB14 /* Reader.swift */,
				1C9325EA23F756BB00425136 /* StandardInImplementation.swift */,
			);
			path = Controller;
			sourceTree = "<group>";
		};
		1CDC954C23ABC713004B8666 = {
			isa = PBXGroup;
			children = (
				1C99711A23F64F1A00C33991 /* Info.plist */,
				1C8D819D23F03949008F4788 /* install.sh */,
				1CDC955723ABC713004B8666 /* pillz */,
				1C9EEEBC23E8A83500814D5C /* main.swift */,
				1CDC955623ABC713004B8666 /* Products */,
				1C480DE523ECC8C600570CF5 /* Frameworks */,
			);
			sourceTree = "<group>";
		};
		1CDC955623ABC713004B8666 /* Products */ = {
			isa = PBXGroup;
			children = (
				1C99711923F64E7700C33991 /* pillz */,
			);
			name = Products;
			sourceTree = "<group>";
		};
		1CDC955723ABC713004B8666 /* pillz */ = {
			isa = PBXGroup;
			children = (
				1CB2460A23BECD0600E06FC5 /* Controller */,
				1CDC956123ABCAB2004B8666 /* Model */,
				1CA4FA0723BDF3B5002956F9 /* View */,
			);
			path = pillz;
			sourceTree = "<group>";
		};
		1CDC956123ABCAB2004B8666 /* Model */ = {
			isa = PBXGroup;
			children = (
				1C9C22E723EB90F500D6990C /* ViewConstants.swift */,
				1C9C22EB23EB989000D6990C /* Drug */,
				1C9C22EC23EB98A400D6990C /* Log */,
				1C8E38C223EA38BC0079F4D8 /* CustomIndex.swift */,
				1C9C22E923EB980300D6990C /* Extensions.swift */,
				1C996E7023F6063900C33991 /* DateView.swift */,
			);
			path = Model;
			sourceTree = "<group>";
		};
/* End PBXGroup section */

/* Begin PBXNativeTarget section */
		1C9970FA23F64E7700C33991 /* pillz */ = {
			isa = PBXNativeTarget;
			buildConfigurationList = 1C99711623F64E7700C33991 /* Build configuration list for PBXNativeTarget "pillz" */;
			buildPhases = (
				1C9970FE23F64E7700C33991 /* Sources */,
				1C99711223F64E7700C33991 /* Frameworks */,
				1C99711423F64E7700C33991 /* CopyFiles */,
			);
			buildRules = (
				1C99711523F64E7700C33991 /* PBXBuildRule */,
			);
			dependencies = (
				1C9970FB23F64E7700C33991 /* PBXTargetDependency */,
			);
			name = pillz;
			packageProductDependencies = (
				1C9970FC23F64E7700C33991 /* Rainbow */,
				1C9D333523F7229B00244F1A /* LineNoise */,
			);
			productName = pilllog;
			productReference = 1C99711923F64E7700C33991 /* pillz */;
			productType = "com.apple.product-type.tool";
		};
/* End PBXNativeTarget section */

/* Begin PBXProject section */
		1CDC954D23ABC713004B8666 /* Project object */ = {
			isa = PBXProject;
			attributes = {
				LastSwiftUpdateCheck = 1130;
				LastUpgradeCheck = 1130;
				ORGANIZATIONNAME = viraltaco_;
			};
			buildConfigurationList = 1CDC955023ABC713004B8666 /* Build configuration list for PBXProject "pillz" */;
			compatibilityVersion = "Xcode 11.0";
			developmentRegion = en;
			hasScannedForEncodings = 0;
			knownRegions = (
				en,
				Base,
			);
			mainGroup = 1CDC954C23ABC713004B8666;
			packageReferences = (
				1C9250F923EC2AE700A149F3 /* XCRemoteSwiftPackageReference "Rainbow" */,
				1C9D333423F7229B00244F1A /* XCRemoteSwiftPackageReference "linenoise-swift" */,
			);
			productRefGroup = 1CDC955623ABC713004B8666 /* Products */;
			projectDirPath = "";
			projectRoot = "";
			targets = (
				1C9970FA23F64E7700C33991 /* pillz */,
			);
		};
/* End PBXProject section */

/* Begin PBXSourcesBuildPhase section */
		1C9970FE23F64E7700C33991 /* Sources */ = {
			isa = PBXSourcesBuildPhase;
			buildActionMask = 2147483647;
			files = (
				1C9970FF23F64E7700C33991 /* Extensions.swift in Sources */,
				1C99710023F64E7700C33991 /* Reader.swift in Sources */,
				1C99710123F64E7700C33991 /* CustomView.swift in Sources */,
				1C99710223F64E7700C33991 /* DrugList.swift in Sources */,
				1C99710323F64E7700C33991 /* LogList.swift in Sources */,
				1C99710423F64E7700C33991 /* Writer.swift in Sources */,
				1C99710523F64E7700C33991 /* Command.swift in Sources */,
				1C99710623F64E7700C33991 /* Log.swift in Sources */,
				1C99710723F64E7700C33991 /* App.swift in Sources */,
				1C99710823F64E7700C33991 /* Defaults.swift in Sources */,
				1C99710923F64E7700C33991 /* CurrentView.swift in Sources */,
				1C99710A23F64E7700C33991 /* DrugView.swift in Sources */,
				1C99710B23F64E7700C33991 /* ViewConstants.swift in Sources */,
				1C99710C23F64E7700C33991 /* main.swift in Sources */,
				1C99710D23F64E7700C33991 /* Action.swift in Sources */,
				1C99710E23F64E7700C33991 /* Drug.swift in Sources */,
				1C99710F23F64E7700C33991 /* CustomIndex.swift in Sources */,
				1C9325EB23F756BB00425136 /* StandardInImplementation.swift in Sources */,
				1C99711023F64E7700C33991 /* DateView.swift in Sources */,
				1C99711123F64E7700C33991 /* LogView.swift in Sources */,
			);
			runOnlyForDeploymentPostprocessing = 0;
		};
/* End PBXSourcesBuildPhase section */

/* Begin PBXTargetDependency section */
		1C9970FB23F64E7700C33991 /* PBXTargetDependency */ = {
			isa = PBXTargetDependency;
			productRef = 1C9970F823F64BDA00C33991 /* Rainbow */;
		};
/* End PBXTargetDependency section */

/* Begin XCBuildConfiguration section */
		1C99711723F64E7700C33991 /* Debug */ = {
			isa = XCBuildConfiguration;
			buildSettings = {
				ALWAYS_EMBED_SWIFT_STANDARD_LIBRARIES = YES;
				BUILD_LIBRARY_FOR_DISTRIBUTION = YES;
				CLANG_USE_OPTIMIZATION_PROFILE = NO;
				CODE_SIGN_IDENTITY = "Apple Development";
				CODE_SIGN_STYLE = Automatic;
				CREATE_INFOPLIST_SECTION_IN_BINARY = YES;
				CURRENT_PROJECT_VERSION = 1;
				DEVELOPMENT_ASSET_PATHS = "";
				DEVELOPMENT_TEAM = 88L87CZSR7;
				GENERATE_PKGINFO_FILE = YES;
				INFOPLIST_FILE = "$(SRCROOT)/Info.plist";
				INFOPLIST_PREPROCESS = YES;
				LLVM_LTO = YES_THIN;
				LOCALIZED_STRING_SWIFTUI_SUPPORT = NO;
				MACOSX_DEPLOYMENT_TARGET = 10.15;
				MARKETING_VERSION = 1.7.2;
				PRODUCT_BUNDLE_IDENTIFIER = com.viraltaco.pillz;
				PRODUCT_NAME = "$(TARGET_NAME)";
				SWIFT_DISABLE_SAFETY_CHECKS = YES;
				SWIFT_ENFORCE_EXCLUSIVE_ACCESS = "debug-only";
				SWIFT_VERSION = 5.0;
				VERSIONING_SYSTEM = "apple-generic";
			};
			name = Debug;
		};
		1C99711823F64E7700C33991 /* Release */ = {
			isa = XCBuildConfiguration;
			buildSettings = {
				ALWAYS_EMBED_SWIFT_STANDARD_LIBRARIES = YES;
				BUILD_LIBRARY_FOR_DISTRIBUTION = YES;
				CLANG_USE_OPTIMIZATION_PROFILE = NO;
				CODE_SIGN_IDENTITY = "Apple Development";
				CODE_SIGN_STYLE = Automatic;
				CREATE_INFOPLIST_SECTION_IN_BINARY = YES;
				CURRENT_PROJECT_VERSION = 1;
				DEVELOPMENT_ASSET_PATHS = "";
				DEVELOPMENT_TEAM = 88L87CZSR7;
				GCC_OPTIMIZATION_LEVEL = s;
				GENERATE_PKGINFO_FILE = YES;
				INFOPLIST_FILE = "$(SRCROOT)/Info.plist";
				INFOPLIST_PREPROCESS = YES;
				LLVM_LTO = YES_THIN;
				LOCALIZED_STRING_SWIFTUI_SUPPORT = NO;
				MACOSX_DEPLOYMENT_TARGET = 10.15;
				MARKETING_VERSION = 1.7.2;
				ONLY_ACTIVE_ARCH = YES;
				PRODUCT_BUNDLE_IDENTIFIER = com.viraltaco.pillz;
				PRODUCT_NAME = "$(TARGET_NAME)";
				SWIFT_DISABLE_SAFETY_CHECKS = YES;
				SWIFT_ENFORCE_EXCLUSIVE_ACCESS = "debug-only";
				SWIFT_VERSION = 5.0;
				SYMROOT = build;
				VERSIONING_SYSTEM = "apple-generic";
			};
			name = Release;
		};
		1CDC955A23ABC713004B8666 /* Debug */ = {
			isa = XCBuildConfiguration;
			buildSettings = {
				ALWAYS_EMBED_SWIFT_STANDARD_LIBRARIES = NO;
				ALWAYS_SEARCH_USER_PATHS = NO;
				BUILD_LIBRARY_FOR_DISTRIBUTION = YES;
				CLANG_ANALYZER_NONNULL = YES;
				CLANG_ANALYZER_NUMBER_OBJECT_CONVERSION = YES_AGGRESSIVE;
				CLANG_CXX_LANGUAGE_STANDARD = "gnu++14";
				CLANG_CXX_LIBRARY = "libc++";
				CLANG_ENABLE_MODULES = YES;
				CLANG_ENABLE_OBJC_ARC = YES;
				CLANG_ENABLE_OBJC_WEAK = YES;
				CLANG_WARN_BLOCK_CAPTURE_AUTORELEASING = YES;
				CLANG_WARN_BOOL_CONVERSION = YES;
				CLANG_WARN_COMMA = YES;
				CLANG_WARN_CONSTANT_CONVERSION = YES;
				CLANG_WARN_DEPRECATED_OBJC_IMPLEMENTATIONS = YES;
				CLANG_WARN_DIRECT_OBJC_ISA_USAGE = YES_ERROR;
				CLANG_WARN_DOCUMENTATION_COMMENTS = YES;
				CLANG_WARN_EMPTY_BODY = YES;
				CLANG_WARN_ENUM_CONVERSION = YES;
				CLANG_WARN_INFINITE_RECURSION = YES;
				CLANG_WARN_INT_CONVERSION = YES;
				CLANG_WARN_NON_LITERAL_NULL_CONVERSION = YES;
				CLANG_WARN_OBJC_IMPLICIT_RETAIN_SELF = YES;
				CLANG_WARN_OBJC_LITERAL_CONVERSION = YES;
				CLANG_WARN_OBJC_ROOT_CLASS = YES_ERROR;
				CLANG_WARN_RANGE_LOOP_ANALYSIS = YES;
				CLANG_WARN_STRICT_PROTOTYPES = YES;
				CLANG_WARN_SUSPICIOUS_MOVE = YES;
				CLANG_WARN_UNGUARDED_AVAILABILITY = YES_AGGRESSIVE;
				CLANG_WARN_UNREACHABLE_CODE = YES;
				CLANG_WARN__DUPLICATE_METHOD_MATCH = YES;
				COPY_PHASE_STRIP = NO;
				CURRENT_PROJECT_VERSION = 1.5.2;
				DEBUG_INFORMATION_FORMAT = dwarf;
				ENABLE_STRICT_OBJC_MSGSEND = YES;
				ENABLE_TESTABILITY = YES;
				GCC_C_LANGUAGE_STANDARD = gnu11;
				GCC_DYNAMIC_NO_PIC = NO;
				GCC_NO_COMMON_BLOCKS = YES;
				GCC_OPTIMIZATION_LEVEL = 0;
				GCC_PREPROCESSOR_DEFINITIONS = (
					"DEBUG=1",
					"$(inherited)",
				);
				GCC_WARN_64_TO_32_BIT_CONVERSION = YES;
				GCC_WARN_ABOUT_RETURN_TYPE = YES_ERROR;
				GCC_WARN_PEDANTIC = YES;
				GCC_WARN_UNDECLARED_SELECTOR = YES;
				GCC_WARN_UNINITIALIZED_AUTOS = YES_AGGRESSIVE;
				GCC_WARN_UNUSED_FUNCTION = YES;
				GCC_WARN_UNUSED_VARIABLE = YES;
				GENERATE_PROFILING_CODE = YES;
				MACOSX_DEPLOYMENT_TARGET = 10.15;
				MTL_ENABLE_DEBUG_INFO = INCLUDE_SOURCE;
				MTL_FAST_MATH = YES;
				ONLY_ACTIVE_ARCH = YES;
				SDKROOT = macosx;
				STRIP_SWIFT_SYMBOLS = NO;
				SWIFT_ACTIVE_COMPILATION_CONDITIONS = DEBUG;
				SWIFT_OPTIMIZATION_LEVEL = "-Onone";
				VERSIONING_SYSTEM = "apple-generic";
			};
			name = Debug;
		};
		1CDC955B23ABC713004B8666 /* Release */ = {
			isa = XCBuildConfiguration;
			buildSettings = {
				ALWAYS_EMBED_SWIFT_STANDARD_LIBRARIES = NO;
				ALWAYS_SEARCH_USER_PATHS = NO;
				BUILD_LIBRARY_FOR_DISTRIBUTION = YES;
				CLANG_ANALYZER_NONNULL = YES;
				CLANG_ANALYZER_NUMBER_OBJECT_CONVERSION = YES_AGGRESSIVE;
				CLANG_CXX_LANGUAGE_STANDARD = "gnu++14";
				CLANG_CXX_LIBRARY = "libc++";
				CLANG_ENABLE_MODULES = YES;
				CLANG_ENABLE_OBJC_ARC = YES;
				CLANG_ENABLE_OBJC_WEAK = YES;
				CLANG_WARN_BLOCK_CAPTURE_AUTORELEASING = YES;
				CLANG_WARN_BOOL_CONVERSION = YES;
				CLANG_WARN_COMMA = YES;
				CLANG_WARN_CONSTANT_CONVERSION = YES;
				CLANG_WARN_DEPRECATED_OBJC_IMPLEMENTATIONS = YES;
				CLANG_WARN_DIRECT_OBJC_ISA_USAGE = YES_ERROR;
				CLANG_WARN_DOCUMENTATION_COMMENTS = YES;
				CLANG_WARN_EMPTY_BODY = YES;
				CLANG_WARN_ENUM_CONVERSION = YES;
				CLANG_WARN_INFINITE_RECURSION = YES;
				CLANG_WARN_INT_CONVERSION = YES;
				CLANG_WARN_NON_LITERAL_NULL_CONVERSION = YES;
				CLANG_WARN_OBJC_IMPLICIT_RETAIN_SELF = YES;
				CLANG_WARN_OBJC_LITERAL_CONVERSION = YES;
				CLANG_WARN_OBJC_ROOT_CLASS = YES_ERROR;
				CLANG_WARN_RANGE_LOOP_ANALYSIS = YES;
				CLANG_WARN_STRICT_PROTOTYPES = YES;
				CLANG_WARN_SUSPICIOUS_MOVE = YES;
				CLANG_WARN_UNGUARDED_AVAILABILITY = YES_AGGRESSIVE;
				CLANG_WARN_UNREACHABLE_CODE = YES;
				CLANG_WARN__DUPLICATE_METHOD_MATCH = YES;
				COPY_PHASE_STRIP = NO;
				CURRENT_PROJECT_VERSION = 1.5.2;
				DEBUG_INFORMATION_FORMAT = "dwarf-with-dsym";
				ENABLE_NS_ASSERTIONS = NO;
				ENABLE_STRICT_OBJC_MSGSEND = YES;
				GCC_C_LANGUAGE_STANDARD = gnu11;
				GCC_NO_COMMON_BLOCKS = YES;
				GCC_OPTIMIZATION_LEVEL = fast;
				GCC_WARN_64_TO_32_BIT_CONVERSION = YES;
				GCC_WARN_ABOUT_RETURN_TYPE = YES_ERROR;
				GCC_WARN_PEDANTIC = YES;
				GCC_WARN_UNDECLARED_SELECTOR = YES;
				GCC_WARN_UNINITIALIZED_AUTOS = YES_AGGRESSIVE;
				GCC_WARN_UNUSED_FUNCTION = YES;
				GCC_WARN_UNUSED_VARIABLE = YES;
				MACOSX_DEPLOYMENT_TARGET = 10.15;
				MTL_ENABLE_DEBUG_INFO = NO;
				MTL_FAST_MATH = YES;
				SDKROOT = macosx;
				SWIFT_COMPILATION_MODE = wholemodule;
				SWIFT_OPTIMIZATION_LEVEL = "-O";
				VALIDATE_PRODUCT = YES;
				VERSIONING_SYSTEM = "apple-generic";
			};
			name = Release;
		};
/* End XCBuildConfiguration section */

/* Begin XCConfigurationList section */
		1C99711623F64E7700C33991 /* Build configuration list for PBXNativeTarget "pillz" */ = {
			isa = XCConfigurationList;
			buildConfigurations = (
				1C99711723F64E7700C33991 /* Debug */,
				1C99711823F64E7700C33991 /* Release */,
			);
			defaultConfigurationIsVisible = 0;
			defaultConfigurationName = Release;
		};
		1CDC955023ABC713004B8666 /* Build configuration list for PBXProject "pillz" */ = {
			isa = XCConfigurationList;
			buildConfigurations = (
				1CDC955A23ABC713004B8666 /* Debug */,
				1CDC955B23ABC713004B8666 /* Release */,
			);
			defaultConfigurationIsVisible = 0;
			defaultConfigurationName = Release;
		};
/* End XCConfigurationList section */

/* Begin XCRemoteSwiftPackageReference section */
		1C9250F923EC2AE700A149F3 /* XCRemoteSwiftPackageReference "Rainbow" */ = {
			isa = XCRemoteSwiftPackageReference;
			repositoryURL = "https://github.com/onevcat/Rainbow";
			requirement = {
				kind = upToNextMajorVersion;
				minimumVersion = 3.1.5;
			};
		};
		1C9970FD23F64E7700C33991 /* XCRemoteSwiftPackageReference "Rainbow" */ = {
			isa = XCRemoteSwiftPackageReference;
			repositoryURL = "https://github.com/onevcat/Rainbow";
			requirement = {
				kind = upToNextMajorVersion;
				minimumVersion = 3.1.5;
			};
		};
		1C9D333423F7229B00244F1A /* XCRemoteSwiftPackageReference "linenoise-swift" */ = {
			isa = XCRemoteSwiftPackageReference;
			repositoryURL = "https://github.com/andybest/linenoise-swift.git";
			requirement = {
				kind = upToNextMinorVersion;
				minimumVersion = 0.0.3;
			};
		};
/* End XCRemoteSwiftPackageReference section */

/* Begin XCSwiftPackageProductDependency section */
		1C9970F823F64BDA00C33991 /* Rainbow */ = {
			isa = XCSwiftPackageProductDependency;
			package = 1C9250F923EC2AE700A149F3 /* XCRemoteSwiftPackageReference "Rainbow" */;
			productName = Rainbow;
		};
		1C9970FC23F64E7700C33991 /* Rainbow */ = {
			isa = XCSwiftPackageProductDependency;
			package = 1C9970FD23F64E7700C33991 /* XCRemoteSwiftPackageReference "Rainbow" */;
			productName = Rainbow;
		};
		1C9D333523F7229B00244F1A /* LineNoise */ = {
			isa = XCSwiftPackageProductDependency;
			package = 1C9D333423F7229B00244F1A /* XCRemoteSwiftPackageReference "linenoise-swift" */;
			productName = LineNoise;
		};
/* End XCSwiftPackageProductDependency section */
	};
	rootObject = 1CDC954D23ABC713004B8666 /* Project object */;
}
